
Microsoft Visual Studio Solution File, Format Version 10.00
# Visual Studio 2008
Project("{FAE04EC0-301F-11D3-BF4B-00C04F79EFBC}") = "AutoPlay", "AutoPlay\AutoPlay.csproj", "{EC8CBA81-2634-4014-8076-8BA8DBBA27F5}"
EndProject
Project("{FAE04EC0-301F-11D3-BF4B-00C04F79EFBC}") = "DirectInput", "DirectInput\DirectInput.csproj", "{9B247268-5AE7-4C12-86DA-893824149650}"
EndProject
Project("{8BC9CEB8-8B4A-11D0-8D11-00A0C91BC942}") = "LibJoy", "LibJoy\LibJoy.vcproj", "{AF151F08-4A5F-40EE-B099-487765D0F868}"
EndProject
Global
	GlobalSection(SolutionConfigurationPlatforms) = preSolution
		Debug|Any CPU = Debug|Any CPU
		Debug|Mixed Platforms = Debug|Mixed Platforms
		Debug|Win32 = Debug|Win32
		Release|Any CPU = Release|Any CPU
		Release|Mixed Platforms = Release|Mixed Platforms
		Release|Win32 = Release|Win32
	EndGlobalSection
	GlobalSection(ProjectConfigurationPlatforms) = postSolution
		{EC8CBA81-2634-4014-8076-8BA8DBBA27F5}.Debug|Any CPU.ActiveCfg = Debug|Any CPU
		{EC8CBA81-2634-4014-8076-8BA8DBBA27F5}.Debug|Any CPU.Build.0 = Debug|Any CPU
		{EC8CBA81-2634-4014-8076-8BA8DBBA27F5}.Debug|Mixed Platforms.ActiveCfg = Debug|Any CPU
		{EC8CBA81-2634-4014-8076-8BA8DBBA27F5}.Debug|Mixed Platforms.Build.0 = Debug|Any CPU
		{EC8CBA81-2634-4014-8076-8BA8DBBA27F5}.Debug|Win32.ActiveCfg = Debug|Any CPU
		{EC8CBA81-2634-4014-8076-8BA8DBBA27F5}.Release|Any CPU.ActiveCfg = Release|Any CPU
		{EC8CBA81-2634-4014-8076-8BA8DBBA27F5}.Release|Any CPU.Build.0 = Release|Any CPU
		{EC8CBA81-2634-4014-8076-8BA8DBBA27F5}.Release|Mixed Platforms.ActiveCfg = Release|Any CPU
		{EC8CBA81-2634-4014-8076-8BA8DBBA27F5}.Release|Mixed Platforms.Build.0 = Release|Any CPU
		{EC8CBA81-2634-4014-8076-8BA8DBBA27F5}.Release|Win32.ActiveCfg = Release|Any CPU
		{9B247268-5AE7-4C12-86DA-893824149650}.Debug|Any CPU.ActiveCfg = Debug|Any CPU
		{9B247268-5AE7-4C12-86DA-893824149650}.Debug|Any CPU.Build.0 = Debug|Any CPU
		{9B247268-5AE7-4C12-86DA-893824149650}.Debug|Mixed Platforms.ActiveCfg = Debug|Any CPU
		{9B247268-5AE7-4C12-86DA-893824149650}.Debug|Mixed Platforms.Build.0 = Debug|Any CPU
		{9B247268-5AE7-4C12-86DA-893824149650}.Debug|Win32.ActiveCfg = Debug|Any CPU
		{9B247268-5AE7-4C12-86DA-893824149650}.Release|Any CPU.ActiveCfg = Release|Any CPU
		{9B247268-5AE7-4C12-86DA-893824149650}.Release|Any CPU.Build.0 = Release|Any CPU
		{9B247268-5AE7-4C12-86DA-893824149650}.Release|Mixed Platforms.ActiveCfg = Release|Any CPU
		{9B247268-5AE7-4C12-86DA-893824149650}.Release|Mixed Platforms.Build.0 = Release|Any CPU
		{9B247268-5AE7-4C12-86DA-893824149650}.Release|Win32.ActiveCfg = Release|Any CPU
		{AF151F08-4A5F-40EE-B099-487765D0F868}.Debug|Any CPU.ActiveCfg = Debug|Win32
		{AF151F08-4A5F-40EE-B099-487765D0F868}.Debug|Mixed Platforms.ActiveCfg = Debug|Win32
		{AF151F08-4A5F-40EE-B099-487765D0F868}.Debug|Mixed Platforms.Build.0 = Debug|Win32
		{AF151F08-4A5F-40EE-B099-487765D0F868}.Debug|Win32.ActiveCfg = Debug|Win32
		{AF151F08-4A5F-40EE-B099-487765D0F868}.Debug|Win32.Build.0 = Debug|Win32
		{AF151F08-4A5F-40EE-B099-487765D0F868}.Release|Any CPU.ActiveCfg = Release|Win32
		{AF151F08-4A5F-40EE-B099-487765D0F868}.Release|Mixed Platforms.ActiveCfg = Release|Win32
		{AF151F08-4A5F-40EE-B099-487765D0F868}.Release|Mixed Platforms.Build.0 = Release|Win32
		{AF151F08-4A5F-40EE-B099-487765D0F868}.Release|Win32.ActiveCfg = Release|Win32
		{AF151F08-4A5F-40EE-B099-487765D0F868}.Release|Win32.Build.0 = Release|Win32
	EndGlobalSection
	GlobalSection(SolutionProperties) = preSolution
		HideSolutionNode = FALSE
	EndGlobalSection
EndGlobal
